
Microsoft Visual Studio Solution File, Format Version 12.00
# Visual Studio Version 17
VisualStudioVersion = 17.5.33424.131
MinimumVisualStudioVersion = 10.0.40219.1
Project("{FAE04EC0-301F-11D3-BF4B-00C04F79EFBC}") = "GoogleSheetsService", "GoogleSheetsService.csproj", "{46C67BE1-8585-4720-B690-168E4AEA9309}"
EndProject
Global
	GlobalSection(SolutionConfigurationPlatforms) = preSolution
		Debug|Any CPU = Debug|Any CPU
		Release|Any CPU = Release|Any CPU
	EndGlobalSection
	GlobalSection(ProjectConfigurationPlatforms) = postSolution
		{46C67BE1-8585-4720-B690-168E4AEA9309}.Debug|Any CPU.ActiveCfg = Debug|Any CPU
		{46C67BE1-8585-4720-B690-168E4AEA9309}.Debug|Any CPU.Build.0 = Debug|Any CPU
		{46C67BE1-8585-4720-B690-168E4AEA9309}.Release|Any CPU.ActiveCfg = Release|Any CPU
		{46C67BE1-8585-4720-B690-168E4AEA9309}.Release|Any CPU.Build.0 = Release|Any CPU
	EndGlobalSection
	GlobalSection(SolutionProperties) = preSolution
		HideSolutionNode = FALSE
	EndGlobalSection
	GlobalSection(ExtensibilityGlobals) = postSolution
		SolutionGuid = {ECE77353-90A8-4AE5-B8FF-9DCAB387BB6D}
	EndGlobalSection
EndGlobal
