
Microsoft Visual Studio Solution File, Format Version 12.00
# Visual Studio Version 17
VisualStudioVersion = 17.5.33414.496
MinimumVisualStudioVersion = 10.0.40219.1
Project("{9A19103F-16F7-4668-BE54-9A1E7A4F7556}") = "DataBaseService", "DataBaseService.csproj", "{10BB8DCA-5FF8-483E-AAFC-A7BB9C3675FC}"
EndProject
Global
	GlobalSection(SolutionConfigurationPlatforms) = preSolution
		Debug|Any CPU = Debug|Any CPU
		Release|Any CPU = Release|Any CPU
	EndGlobalSection
	GlobalSection(ProjectConfigurationPlatforms) = postSolution
		{10BB8DCA-5FF8-483E-AAFC-A7BB9C3675FC}.Debug|Any CPU.ActiveCfg = Debug|Any CPU
		{10BB8DCA-5FF8-483E-AAFC-A7BB9C3675FC}.Debug|Any CPU.Build.0 = Debug|Any CPU
		{10BB8DCA-5FF8-483E-AAFC-A7BB9C3675FC}.Release|Any CPU.ActiveCfg = Release|Any CPU
		{10BB8DCA-5FF8-483E-AAFC-A7BB9C3675FC}.Release|Any CPU.Build.0 = Release|Any CPU
	EndGlobalSection
	GlobalSection(SolutionProperties) = preSolution
		HideSolutionNode = FALSE
	EndGlobalSection
	GlobalSection(ExtensibilityGlobals) = postSolution
		SolutionGuid = {B3BECD16-70C0-4158-A276-8EACC18A7309}
	EndGlobalSection
EndGlobal
