
Microsoft Visual Studio Solution File, Format Version 12.00
# Visual Studio Version 17
VisualStudioVersion = 17.5.33414.496
MinimumVisualStudioVersion = 10.0.40219.1
Project("{9A19103F-16F7-4668-BE54-9A1E7A4F7556}") = "GoogleSheetsService", "GoogleSheetsService.csproj", "{D154AEDF-6BF1-4DA6-A3DB-144FF3D9B117}"
EndProject
Project("{2150E333-8FDC-42A3-9474-1A3956D46DE8}") = "Solution Items", "Solution Items", "{3A6FB098-1E78-4059-AF88-02E8885BBC84}"
	ProjectSection(SolutionItems) = preProject
		.editorconfig = .editorconfig
	EndProjectSection
EndProject
Global
	GlobalSection(SolutionConfigurationPlatforms) = preSolution
		Debug|Any CPU = Debug|Any CPU
		Release|Any CPU = Release|Any CPU
	EndGlobalSection
	GlobalSection(ProjectConfigurationPlatforms) = postSolution
		{D154AEDF-6BF1-4DA6-A3DB-144FF3D9B117}.Debug|Any CPU.ActiveCfg = Debug|Any CPU
		{D154AEDF-6BF1-4DA6-A3DB-144FF3D9B117}.Debug|Any CPU.Build.0 = Debug|Any CPU
		{D154AEDF-6BF1-4DA6-A3DB-144FF3D9B117}.Release|Any CPU.ActiveCfg = Release|Any CPU
		{D154AEDF-6BF1-4DA6-A3DB-144FF3D9B117}.Release|Any CPU.Build.0 = Release|Any CPU
	EndGlobalSection
	GlobalSection(SolutionProperties) = preSolution
		HideSolutionNode = FALSE
	EndGlobalSection
	GlobalSection(ExtensibilityGlobals) = postSolution
		SolutionGuid = {70DDD8F2-1F22-47D6-B053-9D2CD01DA366}
	EndGlobalSection
EndGlobal
